<?xml version="1.0" encoding="utf-8"?>
<Project ToolsVersion="4.0" xmlns="http://schemas.microsoft.com/developer/msbuild/2003">
  <ItemGroup>
    <Filter Include="Source Files">
      <UniqueIdentifier>{4FC737F1-C7A5-4376-A066-2A32D752A2FF}</UniqueIdentifier>
      <Extensions>cpp;c;cc;cxx;def;odl;idl;hpj;bat;asm;asmx</Extensions>
    </Filter>
    <Filter Include="Header Files">
      <UniqueIdentifier>{93995380-89BD-4b04-88EB-625FBE52EBFB}</UniqueIdentifier>
      <Extensions>h;hpp;hxx;hm;inl;inc;xsd</Extensions>
    </Filter>
    <Filter Include="Resource Files">
      <UniqueIdentifier>{67DA6AB6-F800-4c08-8B7A-83BB121AAD01}</UniqueIdentifier>
      <Extensions>rc;ico;cur;bmp;dlg;rc2;rct;bin;rgs;gif;jpg;jpeg;jpe;resx;tiff;tif;png;wav;mfcribbon-ms</Extensions>
    </Filter>
    <Filter Include="Source Files\templates">
      <UniqueIdentifier>{ba30cf97-b092-4d5d-aa1b-cb2f19f59df7}</UniqueIdentifier>
    </Filter>
    <Filter Include="Source Files\scene_nodes">
      <UniqueIdentifier>{c7703e5d-b003-48cb-9020-4323cc53780e}</UniqueIdentifier>
    </Filter>
    <Filter Include="Source Files\collision">
      <UniqueIdentifier>{4f092358-7d3a-42db-8881-95fbf135398c}</UniqueIdentifier>
    </Filter>
  </ItemGroup>
  <ItemGroup>
    <ClCompile Include="..\code\Survive\application.cpp">
      <Filter>Source Files</Filter>
    </ClCompile>
    <ClCompile Include="..\code\Survive\main.cpp">
      <Filter>Source Files</Filter>
    </ClCompile>
    <ClCompile Include="..\code\Survive\content_manager.cpp">
      <Filter>Source Files</Filter>
    </ClCompile>
    <ClCompile Include="..\code\Survive\big_sprite.cpp">
      <Filter>Source Files</Filter>
    </ClCompile>
    <ClCompile Include="..\code\Survive\big_texture.cpp">
      <Filter>Source Files</Filter>
    </ClCompile>
    <ClCompile Include="..\code\Survive\world.cpp">
      <Filter>Source Files</Filter>
    </ClCompile>
    <ClCompile Include="..\code\Survive\content_holder.cpp">
      <Filter>Source Files</Filter>
    </ClCompile>
    <ClCompile Include="..\code\Survive\action.cpp">
      <Filter>Source Files</Filter>
    </ClCompile>
    <ClCompile Include="..\code\Survive\action_queue.cpp">
      <Filter>Source Files</Filter>
    </ClCompile>
    <ClCompile Include="..\code\Survive\game_state.cpp">
      <Filter>Source Files</Filter>
    </ClCompile>
    <ClCompile Include="..\code\Survive\main_menu_state.cpp">
      <Filter>Source Files</Filter>
    </ClCompile>
    <ClCompile Include="..\code\Survive\sandbox_state.cpp">
      <Filter>Source Files</Filter>
    </ClCompile>
    <ClCompile Include="..\code\Survive\state.cpp">
      <Filter>Source Files</Filter>
    </ClCompile>
    <ClCompile Include="..\code\Survive\state_stack.cpp">
      <Filter>Source Files</Filter>
    </ClCompile>
    <ClCompile Include="..\code\Survive\rtti_manager.cpp">
      <Filter>Source Files</Filter>
    </ClCompile>
    <ClCompile Include="..\code\Survive\xml_archive.cpp">
      <Filter>Source Files</Filter>
    </ClCompile>
    <ClCompile Include="..\code\Survive\context.cpp">
      <Filter>Source Files</Filter>
    </ClCompile>
    <ClCompile Include="..\code\Survive\gui.cpp">
      <Filter>Source Files</Filter>
    </ClCompile>
    <ClCompile Include="..\code\Survive\render_queue.cpp">
      <Filter>Source Files</Filter>
    </ClCompile>
    <ClCompile Include="..\code\Survive\string_utilities.cpp">
      <Filter>Source Files</Filter>
    </ClCompile>
    <ClCompile Include="..\code\Survive\settings.cpp">
      <Filter>Source Files</Filter>
    </ClCompile>
    <ClCompile Include="..\code\Survive\rtti.cpp">
      <Filter>Source Files</Filter>
    </ClCompile>
    <ClCompile Include="..\code\Survive\templates\template.cpp">
      <Filter>Source Files\templates</Filter>
    </ClCompile>
    <ClCompile Include="..\code\Survive\templates\template_manager.cpp">
      <Filter>Source Files\templates</Filter>
    </ClCompile>
    <ClCompile Include="..\code\Survive\templates\character_template.cpp">
      <Filter>Source Files\templates</Filter>
    </ClCompile>
    <ClCompile Include="..\code\Survive\templates\content_template.cpp">
      <Filter>Source Files\templates</Filter>
    </ClCompile>
    <ClCompile Include="..\code\Survive\templates\monster_template.cpp">
      <Filter>Source Files\templates</Filter>
    </ClCompile>
    <ClCompile Include="..\code\Survive\templates\pickup_template.cpp">
      <Filter>Source Files\templates</Filter>
    </ClCompile>
    <ClCompile Include="..\code\Survive\templates\player_template.cpp">
      <Filter>Source Files\templates</Filter>
    </ClCompile>
    <ClCompile Include="..\code\Survive\templates\static_object_template.cpp">
      <Filter>Source Files\templates</Filter>
    </ClCompile>
    <ClCompile Include="..\code\Survive\scene_nodes\character_entity_node.cpp">
      <Filter>Source Files\scene_nodes</Filter>
    </ClCompile>
    <ClCompile Include="..\code\Survive\scene_nodes\dynamic_entity_node.cpp">
      <Filter>Source Files\scene_nodes</Filter>
    </ClCompile>
    <ClCompile Include="..\code\Survive\scene_nodes\monster_entity_node.cpp">
      <Filter>Source Files\scene_nodes</Filter>
    </ClCompile>
    <ClCompile Include="..\code\Survive\scene_nodes\pickup_entity_node.cpp">
      <Filter>Source Files\scene_nodes</Filter>
    </ClCompile>
    <ClCompile Include="..\code\Survive\scene_nodes\player_entity_node.cpp">
      <Filter>Source Files\scene_nodes</Filter>
    </ClCompile>
    <ClCompile Include="..\code\Survive\scene_nodes\scene_node.cpp">
      <Filter>Source Files\scene_nodes</Filter>
    </ClCompile>
    <ClCompile Include="..\code\Survive\scene_nodes\static_entity_node.cpp">
      <Filter>Source Files\scene_nodes</Filter>
    </ClCompile>
    <ClCompile Include="..\code\Survive\scene_nodes\landscape_node.cpp">
      <Filter>Source Files\scene_nodes</Filter>
    </ClCompile>
    <ClCompile Include="..\code\Survive\collision\collision_shape.cpp">
      <Filter>Source Files\collision</Filter>
    </ClCompile>
    <ClCompile Include="..\code\Survive\collision\line_segment.cpp">
      <Filter>Source Files\collision</Filter>
    </ClCompile>
    <ClCompile Include="..\code\Survive\collision\ray.cpp">
      <Filter>Source Files\collision</Filter>
    </ClCompile>
    <ClCompile Include="..\code\Survive\collision\aligned_box_shape.cpp">
      <Filter>Source Files\collision</Filter>
    </ClCompile>
    <ClCompile Include="..\code\Survive\collision\convex_polygon_shape.cpp">
      <Filter>Source Files\collision</Filter>
    </ClCompile>
    <ClCompile Include="..\code\Survive\collision\oriented_box_shape.cpp">
      <Filter>Source Files\collision</Filter>
    </ClCompile>
    <ClCompile Include="..\code\Survive\collision\intersection_tests.cpp">
      <Filter>Source Files\collision</Filter>
    </ClCompile>
    <ClCompile Include="..\code\Survive\math_utils.cpp">
      <Filter>Source Files</Filter>
    </ClCompile>
    <ClCompile Include="..\code\Survive\collision\range.cpp">
      <Filter>Source Files\collision</Filter>
    </ClCompile>
    <ClCompile Include="..\code\Survive\collision\sweep_tests.cpp">
      <Filter>Source Files\collision</Filter>
    </ClCompile>
    <ClCompile Include="..\code\Survive\quad_tree_node.cpp">
      <Filter>Source Files</Filter>
    </ClCompile>
    <ClCompile Include="..\code\Survive\hit_info.cpp">
      <Filter>Source Files</Filter>
    </ClCompile>
    <ClCompile Include="..\code\Survive\debug_render.cpp">
      <Filter>Source Files</Filter>
    </ClCompile>
  </ItemGroup>
  <ItemGroup>
    <ClInclude Include="..\code\Survive\application.h">
      <Filter>Source Files</Filter>
    </ClInclude>
    <ClInclude Include="..\code\Survive\content_manager.h">
      <Filter>Source Files</Filter>
    </ClInclude>
    <ClInclude Include="..\code\Survive\forward.h">
      <Filter>Source Files</Filter>
    </ClInclude>
    <ClInclude Include="..\code\Survive\big_sprite.h">
      <Filter>Source Files</Filter>
    </ClInclude>
    <ClInclude Include="..\code\Survive\big_texture.h">
      <Filter>Source Files</Filter>
    </ClInclude>
    <ClInclude Include="..\code\Survive\world.h">
      <Filter>Source Files</Filter>
    </ClInclude>
    <ClInclude Include="..\code\Survive\content_holder.h">
      <Filter>Source Files</Filter>
    </ClInclude>
    <ClInclude Include="..\code\Survive\action.h">
      <Filter>Source Files</Filter>
    </ClInclude>
    <ClInclude Include="..\code\Survive\action_queue.h">
      <Filter>Source Files</Filter>
    </ClInclude>
    <ClInclude Include="..\code\Survive\game_state.h">
      <Filter>Source Files</Filter>
    </ClInclude>
    <ClInclude Include="..\code\Survive\main_menu_state.h">
      <Filter>Source Files</Filter>
    </ClInclude>
    <ClInclude Include="..\code\Survive\sandbox_state.h">
      <Filter>Source Files</Filter>
    </ClInclude>
    <ClInclude Include="..\code\Survive\state.h">
      <Filter>Source Files</Filter>
    </ClInclude>
    <ClInclude Include="..\code\Survive\state_stack.h">
      <Filter>Source Files</Filter>
    </ClInclude>
    <ClInclude Include="..\code\Survive\rtti_manager.h">
      <Filter>Source Files</Filter>
    </ClInclude>
    <ClInclude Include="..\code\Survive\type_info.h">
      <Filter>Source Files</Filter>
    </ClInclude>
    <ClInclude Include="..\code\Survive\type_lists.h">
      <Filter>Source Files</Filter>
    </ClInclude>
    <ClInclude Include="..\code\Survive\xml_archive.h">
      <Filter>Source Files</Filter>
    </ClInclude>
    <ClInclude Include="..\code\Survive\context.h">
      <Filter>Source Files</Filter>
    </ClInclude>
    <ClInclude Include="..\code\Survive\gui.h">
      <Filter>Source Files</Filter>
    </ClInclude>
    <ClInclude Include="..\code\Survive\render_queue.h">
      <Filter>Source Files</Filter>
    </ClInclude>
    <ClInclude Include="..\code\Survive\string_utilities.h">
      <Filter>Source Files</Filter>
    </ClInclude>
    <ClInclude Include="..\code\Survive\settings.h">
      <Filter>Source Files</Filter>
    </ClInclude>
    <ClInclude Include="..\code\Survive\templates\character_template.h">
      <Filter>Source Files\templates</Filter>
    </ClInclude>
    <ClInclude Include="..\code\Survive\templates\monster_template.h">
      <Filter>Source Files\templates</Filter>
    </ClInclude>
    <ClInclude Include="..\code\Survive\templates\pickup_template.h">
      <Filter>Source Files\templates</Filter>
    </ClInclude>
    <ClInclude Include="..\code\Survive\templates\player_template.h">
      <Filter>Source Files\templates</Filter>
    </ClInclude>
    <ClInclude Include="..\code\Survive\templates\static_object_template.h">
      <Filter>Source Files\templates</Filter>
    </ClInclude>
    <ClInclude Include="..\code\Survive\templates\template.h">
      <Filter>Source Files\templates</Filter>
    </ClInclude>
    <ClInclude Include="..\code\Survive\templates\template_manager.h">
      <Filter>Source Files\templates</Filter>
    </ClInclude>
    <ClInclude Include="..\code\Survive\rtti.h">
      <Filter>Source Files</Filter>
    </ClInclude>
    <ClInclude Include="..\code\Survive\templates\content_template.h">
      <Filter>Source Files\templates</Filter>
    </ClInclude>
    <ClInclude Include="..\code\Survive\scene_nodes\character_entity_node.h">
      <Filter>Source Files\scene_nodes</Filter>
    </ClInclude>
    <ClInclude Include="..\code\Survive\scene_nodes\dynamic_entity_node.h">
      <Filter>Source Files\scene_nodes</Filter>
    </ClInclude>
    <ClInclude Include="..\code\Survive\scene_nodes\monster_entity_node.h">
      <Filter>Source Files\scene_nodes</Filter>
    </ClInclude>
    <ClInclude Include="..\code\Survive\scene_nodes\pickup_entity_node.h">
      <Filter>Source Files\scene_nodes</Filter>
    </ClInclude>
    <ClInclude Include="..\code\Survive\scene_nodes\player_entity_node.h">
      <Filter>Source Files\scene_nodes</Filter>
    </ClInclude>
    <ClInclude Include="..\code\Survive\scene_nodes\scene_node.h">
      <Filter>Source Files\scene_nodes</Filter>
    </ClInclude>
    <ClInclude Include="..\code\Survive\scene_nodes\static_entity_node.h">
      <Filter>Source Files\scene_nodes</Filter>
    </ClInclude>
    <ClInclude Include="..\code\Survive\scene_nodes\landscape_node.h">
      <Filter>Source Files\scene_nodes</Filter>
    </ClInclude>
    <ClInclude Include="..\code\Survive\collision\collision_shape.h">
      <Filter>Source Files\collision</Filter>
    </ClInclude>
    <ClInclude Include="..\code\Survive\collision\line_segment.h">
      <Filter>Source Files\collision</Filter>
    </ClInclude>
    <ClInclude Include="..\code\Survive\collision\ray.h">
      <Filter>Source Files\collision</Filter>
    </ClInclude>
    <ClInclude Include="..\code\Survive\collision\aligned_box_shape.h">
      <Filter>Source Files\collision</Filter>
    </ClInclude>
    <ClInclude Include="..\code\Survive\collision\convex_polygon_shape.h">
      <Filter>Source Files\collision</Filter>
    </ClInclude>
    <ClInclude Include="..\code\Survive\collision\oriented_box_shape.h">
      <Filter>Source Files\collision</Filter>
    </ClInclude>
    <ClInclude Include="..\code\Survive\collision\intersection_tests.h">
      <Filter>Source Files\collision</Filter>
    </ClInclude>
    <ClInclude Include="..\code\Survive\math_utils.h">
      <Filter>Source Files</Filter>
    </ClInclude>
    <ClInclude Include="..\code\Survive\collision\range.h">
      <Filter>Source Files\collision</Filter>
    </ClInclude>
    <ClInclude Include="..\code\Survive\collision\sweep_tests.h">
      <Filter>Source Files\collision</Filter>
    </ClInclude>
    <ClInclude Include="..\code\Survive\quad_tree_node.h">
      <Filter>Source Files</Filter>
    </ClInclude>
    <ClInclude Include="..\code\Survive\hit_info.h">
      <Filter>Source Files</Filter>
    </ClInclude>
    <ClInclude Include="..\code\Survive\debug_render.h">
      <Filter>Source Files</Filter>
    </ClInclude>
  </ItemGroup>
</Project>